
Microsoft Visual Studio Solution File, Format Version 12.00
# Visual Studio 15
VisualStudioVersion = 15.0.26430.4
MinimumVisualStudioVersion = 10.0.40219.1
Project("{FAE04EC0-301F-11D3-BF4B-00C04F79EFBC}") = "ValidationEngine", "ValidationEngine\ValidationEngine.csproj", "{D45FFCFD-247E-43E2-BF53-C39150FFFC65}"
EndProject
Project("{FAE04EC0-301F-11D3-BF4B-00C04F79EFBC}") = "ValidationEngineTests", "ValidationEngineTests\ValidationEngineTests.csproj", "{A0921BEF-5514-46D9-8782-2B26A38B555F}"
EndProject
Global
	GlobalSection(SolutionConfigurationPlatforms) = preSolution
		Debug|Any CPU = Debug|Any CPU
		Release|Any CPU = Release|Any CPU
	EndGlobalSection
	GlobalSection(ProjectConfigurationPlatforms) = postSolution
		{D45FFCFD-247E-43E2-BF53-C39150FFFC65}.Debug|Any CPU.ActiveCfg = Debug|Any CPU
		{D45FFCFD-247E-43E2-BF53-C39150FFFC65}.Debug|Any CPU.Build.0 = Debug|Any CPU
		{D45FFCFD-247E-43E2-BF53-C39150FFFC65}.Release|Any CPU.ActiveCfg = Release|Any CPU
		{D45FFCFD-247E-43E2-BF53-C39150FFFC65}.Release|Any CPU.Build.0 = Release|Any CPU
		{A0921BEF-5514-46D9-8782-2B26A38B555F}.Debug|Any CPU.ActiveCfg = Debug|Any CPU
		{A0921BEF-5514-46D9-8782-2B26A38B555F}.Debug|Any CPU.Build.0 = Debug|Any CPU
		{A0921BEF-5514-46D9-8782-2B26A38B555F}.Release|Any CPU.ActiveCfg = Release|Any CPU
		{A0921BEF-5514-46D9-8782-2B26A38B555F}.Release|Any CPU.Build.0 = Release|Any CPU
	EndGlobalSection
	GlobalSection(SolutionProperties) = preSolution
		HideSolutionNode = FALSE
	EndGlobalSection
EndGlobal
